
Microsoft Visual Studio Solution File, Format Version 12.00
# Visual Studio Version 16
VisualStudioVersion = 16.0.31624.102
MinimumVisualStudioVersion = 10.0.40219.1
Project("{8BC9CEB8-8B4A-11D0-8D11-00A0C91BC942}") = "Lab10", "Lab10\Lab10.vcxproj", "{CD7AF636-5C99-4428-850C-B119CD30B8DC}"
EndProject
Global
	GlobalSection(SolutionConfigurationPlatforms) = preSolution
		Debug|x64 = Debug|x64
		Debug|x86 = Debug|x86
		Release|x64 = Release|x64
		Release|x86 = Release|x86
	EndGlobalSection
	GlobalSection(ProjectConfigurationPlatforms) = postSolution
		{CD7AF636-5C99-4428-850C-B119CD30B8DC}.Debug|x64.ActiveCfg = Debug|x64
		{CD7AF636-5C99-4428-850C-B119CD30B8DC}.Debug|x64.Build.0 = Debug|x64
		{CD7AF636-5C99-4428-850C-B119CD30B8DC}.Debug|x86.ActiveCfg = Debug|Win32
		{CD7AF636-5C99-4428-850C-B119CD30B8DC}.Debug|x86.Build.0 = Debug|Win32
		{CD7AF636-5C99-4428-850C-B119CD30B8DC}.Release|x64.ActiveCfg = Release|x64
		{CD7AF636-5C99-4428-850C-B119CD30B8DC}.Release|x64.Build.0 = Release|x64
		{CD7AF636-5C99-4428-850C-B119CD30B8DC}.Release|x86.ActiveCfg = Release|Win32
		{CD7AF636-5C99-4428-850C-B119CD30B8DC}.Release|x86.Build.0 = Release|Win32
	EndGlobalSection
	GlobalSection(SolutionProperties) = preSolution
		HideSolutionNode = FALSE
	EndGlobalSection
	GlobalSection(ExtensibilityGlobals) = postSolution
		SolutionGuid = {9984F1A1-CE9F-4CAA-8E2B-0C0130ACF2B6}
	EndGlobalSection
EndGlobal
