
Microsoft Visual Studio Solution File, Format Version 12.00
# Visual Studio Version 16
VisualStudioVersion = 16.0.31624.102
MinimumVisualStudioVersion = 10.0.40219.1
Project("{8BC9CEB8-8B4A-11D0-8D11-00A0C91BC942}") = "task1", "task1\task1.vcxproj", "{D1A7EC6A-E131-49FE-BA16-BE4E4EEFDE5A}"
EndProject
Project("{8BC9CEB8-8B4A-11D0-8D11-00A0C91BC942}") = "task2", "task2\task2.vcxproj", "{E2C3E938-B4CD-46C1-9C41-0EC6027C9FB3}"
EndProject
Project("{2150E333-8FDC-42A3-9474-1A3956D46DE8}") = "Solution Items", "Solution Items", "{D755BF23-9A56-4652-BDC2-E5B3C2B87270}"
	ProjectSection(SolutionItems) = preProject
		..\lib\labFunc.h = ..\lib\labFunc.h
	EndProjectSection
EndProject
Global
	GlobalSection(SolutionConfigurationPlatforms) = preSolution
		Debug|x64 = Debug|x64
		Debug|x86 = Debug|x86
		Release|x64 = Release|x64
		Release|x86 = Release|x86
	EndGlobalSection
	GlobalSection(ProjectConfigurationPlatforms) = postSolution
		{D1A7EC6A-E131-49FE-BA16-BE4E4EEFDE5A}.Debug|x64.ActiveCfg = Debug|x64
		{D1A7EC6A-E131-49FE-BA16-BE4E4EEFDE5A}.Debug|x64.Build.0 = Debug|x64
		{D1A7EC6A-E131-49FE-BA16-BE4E4EEFDE5A}.Debug|x86.ActiveCfg = Debug|Win32
		{D1A7EC6A-E131-49FE-BA16-BE4E4EEFDE5A}.Debug|x86.Build.0 = Debug|Win32
		{D1A7EC6A-E131-49FE-BA16-BE4E4EEFDE5A}.Release|x64.ActiveCfg = Release|x64
		{D1A7EC6A-E131-49FE-BA16-BE4E4EEFDE5A}.Release|x64.Build.0 = Release|x64
		{D1A7EC6A-E131-49FE-BA16-BE4E4EEFDE5A}.Release|x86.ActiveCfg = Release|Win32
		{D1A7EC6A-E131-49FE-BA16-BE4E4EEFDE5A}.Release|x86.Build.0 = Release|Win32
		{E2C3E938-B4CD-46C1-9C41-0EC6027C9FB3}.Debug|x64.ActiveCfg = Debug|x64
		{E2C3E938-B4CD-46C1-9C41-0EC6027C9FB3}.Debug|x64.Build.0 = Debug|x64
		{E2C3E938-B4CD-46C1-9C41-0EC6027C9FB3}.Debug|x86.ActiveCfg = Debug|Win32
		{E2C3E938-B4CD-46C1-9C41-0EC6027C9FB3}.Debug|x86.Build.0 = Debug|Win32
		{E2C3E938-B4CD-46C1-9C41-0EC6027C9FB3}.Release|x64.ActiveCfg = Release|x64
		{E2C3E938-B4CD-46C1-9C41-0EC6027C9FB3}.Release|x64.Build.0 = Release|x64
		{E2C3E938-B4CD-46C1-9C41-0EC6027C9FB3}.Release|x86.ActiveCfg = Release|Win32
		{E2C3E938-B4CD-46C1-9C41-0EC6027C9FB3}.Release|x86.Build.0 = Release|Win32
	EndGlobalSection
	GlobalSection(SolutionProperties) = preSolution
		HideSolutionNode = FALSE
	EndGlobalSection
	GlobalSection(ExtensibilityGlobals) = postSolution
		SolutionGuid = {D1F46828-C7C9-4F24-8848-8745FFA9FEEE}
	EndGlobalSection
EndGlobal
